
Microsoft Visual Studio Solution File, Format Version 12.00
# Visual Studio Version 17
VisualStudioVersion = 17.11.35219.272
MinimumVisualStudioVersion = 10.0.40219.1
Project("{FAE04EC0-301F-11D3-BF4B-00C04F79EFBC}") = "RVCSharp", "RVCSharp\RVCSharp.csproj", "{5FF36442-ADFA-47E7-9901-C0324F6AEC6D}"
EndProject
Project("{FAE04EC0-301F-11D3-BF4B-00C04F79EFBC}") = "RVCSharpDemo", "RVCSharpDemo\RVCSharpDemo.csproj", "{B9BDA1FB-0E53-4B20-8DE8-68D66EDF6083}"
EndProject
Global
	GlobalSection(SolutionConfigurationPlatforms) = preSolution
		Debug|Any CPU = Debug|Any CPU
		Release|Any CPU = Release|Any CPU
	EndGlobalSection
	GlobalSection(ProjectConfigurationPlatforms) = postSolution
		{5FF36442-ADFA-47E7-9901-C0324F6AEC6D}.Debug|Any CPU.ActiveCfg = Debug|Any CPU
		{5FF36442-ADFA-47E7-9901-C0324F6AEC6D}.Debug|Any CPU.Build.0 = Debug|Any CPU
		{5FF36442-ADFA-47E7-9901-C0324F6AEC6D}.Release|Any CPU.ActiveCfg = Release|Any CPU
		{5FF36442-ADFA-47E7-9901-C0324F6AEC6D}.Release|Any CPU.Build.0 = Release|Any CPU
		{B9BDA1FB-0E53-4B20-8DE8-68D66EDF6083}.Debug|Any CPU.ActiveCfg = Debug|Any CPU
		{B9BDA1FB-0E53-4B20-8DE8-68D66EDF6083}.Debug|Any CPU.Build.0 = Debug|Any CPU
		{B9BDA1FB-0E53-4B20-8DE8-68D66EDF6083}.Release|Any CPU.ActiveCfg = Release|Any CPU
		{B9BDA1FB-0E53-4B20-8DE8-68D66EDF6083}.Release|Any CPU.Build.0 = Release|Any CPU
	EndGlobalSection
	GlobalSection(SolutionProperties) = preSolution
		HideSolutionNode = FALSE
	EndGlobalSection
	GlobalSection(ExtensibilityGlobals) = postSolution
		SolutionGuid = {BACC8582-25EB-479D-9E6E-B3B7E90BCE9C}
	EndGlobalSection
EndGlobal
